// !$*UTF8*$!
{
	archiveVersion = 1;
	classes = {
	};
	objectVersion = 46;
	objects = {

/* Begin PBXBuildFile section */
		3BE218DB19E7DE1800FABD15 /* JSONKit.m in Sources */ = {isa = PBXBuildFile; fileRef = 3BE218D919E7DE1800FABD15 /* JSONKit.m */; };
		3BE218DC19E7DE1800FABD15 /* JSONKit.m in Sources */ = {isa = PBXBuildFile; fileRef = 3BE218D919E7DE1800FABD15 /* JSONKit.m */; };
		3BE218DD19E7DE1800FABD15 /* README.md in Resources */ = {isa = PBXBuildFile; fileRef = 3BE218DA19E7DE1800FABD15 /* README.md */; };
		3BE218DE19E7DE1800FABD15 /* README.md in Resources */ = {isa = PBXBuildFile; fileRef = 3BE218DA19E7DE1800FABD15 /* README.md */; };
		45BE962B84454BB59A86CD03 /* libPods-BaijiCore.a in Frameworks */ = {isa = PBXBuildFile; fileRef = A9A363983496479B839AECA5 /* libPods-BaijiCore.a */; };
		BC3CCE3F7A324610A67D151B /* libPods-BaijiTest.a in Frameworks */ = {isa = PBXBuildFile; fileRef = E45918054D3E4D1EB1D7A999 /* libPods-BaijiTest.a */; };
		CE0F0FA119CA820000C0C11E /* BJPrimitiveSchema.m in Sources */ = {isa = PBXBuildFile; fileRef = CE0F0FA019CA820000C0C11E /* BJPrimitiveSchema.m */; };
		CE0F0FA519CA82B500C0C11E /* BJUnnamedSchema.m in Sources */ = {isa = PBXBuildFile; fileRef = CE0F0FA419CA82B500C0C11E /* BJUnnamedSchema.m */; };
		CE0F0FB719CAA52F00C0C11E /* BJRecordSchema.m in Sources */ = {isa = PBXBuildFile; fileRef = CE0F0FB619CAA52E00C0C11E /* BJRecordSchema.m */; };
		CE15C33019D2DCF900754015 /* BJSpecificJsonWriter.m in Sources */ = {isa = PBXBuildFile; fileRef = CE15C32F19D2DCF900754015 /* BJSpecificJsonWriter.m */; };
		CE449A0E19C91FE100F0D92D /* BJJsonSerializer.m in Sources */ = {isa = PBXBuildFile; fileRef = CE449A0D19C91FE100F0D92D /* BJJsonSerializer.m */; };
		CE449A1D19C9286000F0D92D /* BJSchema.m in Sources */ = {isa = PBXBuildFile; fileRef = CE449A1C19C9286000F0D92D /* BJSchema.m */; };
		CE48F76F19C97E5D0093B09B /* BJJsonHelper.m in Sources */ = {isa = PBXBuildFile; fileRef = CE48F76E19C97E5D0093B09B /* BJJsonHelper.m */; };
		CE48F77219C9A08B0093B09B /* BJEnumSchema.m in Sources */ = {isa = PBXBuildFile; fileRef = CE48F77119C9A08B0093B09B /* BJEnumSchema.m */; };
		CE52855019C84DE900B427B5 /* UIKit.framework in Frameworks */ = {isa = PBXBuildFile; fileRef = CE52854F19C84DE900B427B5 /* UIKit.framework */; };
		CE52855219C84DE900B427B5 /* Foundation.framework in Frameworks */ = {isa = PBXBuildFile; fileRef = CE52855119C84DE900B427B5 /* Foundation.framework */; };
		CE52855419C84DE900B427B5 /* CoreGraphics.framework in Frameworks */ = {isa = PBXBuildFile; fileRef = CE52855319C84DE900B427B5 /* CoreGraphics.framework */; };
		CE52855619C84DE900B427B5 /* CoreData.framework in Frameworks */ = {isa = PBXBuildFile; fileRef = CE52855519C84DE900B427B5 /* CoreData.framework */; };
		CE52855C19C84DE900B427B5 /* InfoPlist.strings in Resources */ = {isa = PBXBuildFile; fileRef = CE52855A19C84DE900B427B5 /* InfoPlist.strings */; };
		CE52855E19C84DE900B427B5 /* main.m in Sources */ = {isa = PBXBuildFile; fileRef = CE52855D19C84DE900B427B5 /* main.m */; };
		CE52856219C84DE900B427B5 /* BJAppDelegate.m in Sources */ = {isa = PBXBuildFile; fileRef = CE52856119C84DE900B427B5 /* BJAppDelegate.m */; };
		CE52856419C84DE900B427B5 /* Default.png in Resources */ = {isa = PBXBuildFile; fileRef = CE52856319C84DE900B427B5 /* Default.png */; };
		CE52856619C84DE900B427B5 /* Default@2x.png in Resources */ = {isa = PBXBuildFile; fileRef = CE52856519C84DE900B427B5 /* Default@2x.png */; };
		CE52856819C84DE900B427B5 /* Default-568h@2x.png in Resources */ = {isa = PBXBuildFile; fileRef = CE52856719C84DE900B427B5 /* Default-568h@2x.png */; };
		CE52856B19C84DE900B427B5 /* BaijiCore.xcdatamodeld in Sources */ = {isa = PBXBuildFile; fileRef = CE52856919C84DE900B427B5 /* BaijiCore.xcdatamodeld */; };
		CE7159F019C9471F0057DBBB /* BJPropertyMap.m in Sources */ = {isa = PBXBuildFile; fileRef = CE7159EF19C9471F0057DBBB /* BJPropertyMap.m */; };
		CE7159F319C952060057DBBB /* BJError.m in Sources */ = {isa = PBXBuildFile; fileRef = CE7159F219C952060057DBBB /* BJError.m */; };
		CE7159F619C95ED60057DBBB /* BJSchemaName.m in Sources */ = {isa = PBXBuildFile; fileRef = CE7159F519C95ED60057DBBB /* BJSchemaName.m */; };
		CE7159F919C96BC40057DBBB /* BJSchemaNames.m in Sources */ = {isa = PBXBuildFile; fileRef = CE7159F819C96BC40057DBBB /* BJSchemaNames.m */; };
		CE7159FC19C96C590057DBBB /* BJNamedSchema.m in Sources */ = {isa = PBXBuildFile; fileRef = CE7159FB19C96C580057DBBB /* BJNamedSchema.m */; };
		CEBFFF5B19CBEE7000705622 /* BJUnionSchema.m in Sources */ = {isa = PBXBuildFile; fileRef = CEBFFF5A19CBEE6F00705622 /* BJUnionSchema.m */; };
		CEBFFF5E19CC305700705622 /* BJArraySchema.m in Sources */ = {isa = PBXBuildFile; fileRef = CEBFFF5D19CC305600705622 /* BJArraySchema.m */; };
		CEC7AA9B19CAC48C000F89A7 /* BJField.m in Sources */ = {isa = PBXBuildFile; fileRef = CEC7AA9A19CAC48C000F89A7 /* BJField.m */; };
		CEEF41E419CFB98100EEDB5D /* BJMapSchema.m in Sources */ = {isa = PBXBuildFile; fileRef = CEEF41E319CFB98100EEDB5D /* BJMapSchema.m */; };
		CEEF41FB19D0011900EEDB5D /* UIKit.framework in Frameworks */ = {isa = PBXBuildFile; fileRef = CE52854F19C84DE900B427B5 /* UIKit.framework */; };
		CEEF41FC19D0011900EEDB5D /* Foundation.framework in Frameworks */ = {isa = PBXBuildFile; fileRef = CE52855119C84DE900B427B5 /* Foundation.framework */; };
		CEEF41FD19D0011900EEDB5D /* CoreGraphics.framework in Frameworks */ = {isa = PBXBuildFile; fileRef = CE52855319C84DE900B427B5 /* CoreGraphics.framework */; };
		CEEF41FE19D0011900EEDB5D /* CoreData.framework in Frameworks */ = {isa = PBXBuildFile; fileRef = CE52855519C84DE900B427B5 /* CoreData.framework */; };
		CEEF420419D0011900EEDB5D /* InfoPlist.strings in Resources */ = {isa = PBXBuildFile; fileRef = CEEF420219D0011900EEDB5D /* InfoPlist.strings */; };
		CEEF420619D0011900EEDB5D /* main.m in Sources */ = {isa = PBXBuildFile; fileRef = CEEF420519D0011900EEDB5D /* main.m */; };
		CEEF420C19D0011900EEDB5D /* Default.png in Resources */ = {isa = PBXBuildFile; fileRef = CEEF420B19D0011900EEDB5D /* Default.png */; };
		CEEF420E19D0011900EEDB5D /* Default@2x.png in Resources */ = {isa = PBXBuildFile; fileRef = CEEF420D19D0011900EEDB5D /* Default@2x.png */; };
		CEEF421019D0011900EEDB5D /* Default-568h@2x.png in Resources */ = {isa = PBXBuildFile; fileRef = CEEF420F19D0011900EEDB5D /* Default-568h@2x.png */; };
		CEEF421319D0011900EEDB5D /* BaijiTest.xcdatamodeld in Sources */ = {isa = PBXBuildFile; fileRef = CEEF421119D0011900EEDB5D /* BaijiTest.xcdatamodeld */; };
		CEEF422419D0047300EEDB5D /* BJSchemaTestPrimitive.m in Sources */ = {isa = PBXBuildFile; fileRef = CEEF422319D0047300EEDB5D /* BJSchemaTestPrimitive.m */; };
		CEEF423F19D00BDF00EEDB5D /* BJSchemaTestBase.m in Sources */ = {isa = PBXBuildFile; fileRef = CEEF423E19D00BDF00EEDB5D /* BJSchemaTestBase.m */; };
		CEEF428C19D0156000EEDB5D /* BJPrimitiveSchema.h in Sources */ = {isa = PBXBuildFile; fileRef = CE0F0F9F19CA820000C0C11E /* BJPrimitiveSchema.h */; };
		CEEF428D19D0156000EEDB5D /* BJPrimitiveSchema.m in Sources */ = {isa = PBXBuildFile; fileRef = CE0F0FA019CA820000C0C11E /* BJPrimitiveSchema.m */; };
		CEEF428E19D0156000EEDB5D /* BJSchema.h in Sources */ = {isa = PBXBuildFile; fileRef = CE449A1B19C9286000F0D92D /* BJSchema.h */; };
		CEEF428F19D0156000EEDB5D /* BJSchema.m in Sources */ = {isa = PBXBuildFile; fileRef = CE449A1C19C9286000F0D92D /* BJSchema.m */; };
		CEEF429019D0157400EEDB5D /* BJError.h in Sources */ = {isa = PBXBuildFile; fileRef = CE7159F119C952060057DBBB /* BJError.h */; };
		CEEF429119D0157400EEDB5D /* BJError.m in Sources */ = {isa = PBXBuildFile; fileRef = CE7159F219C952060057DBBB /* BJError.m */; };
		CEEF429219D0158800EEDB5D /* BJArraySchema.h in Sources */ = {isa = PBXBuildFile; fileRef = CEBFFF5C19CC305600705622 /* BJArraySchema.h */; };
		CEEF429319D0158800EEDB5D /* BJArraySchema.m in Sources */ = {isa = PBXBuildFile; fileRef = CEBFFF5D19CC305600705622 /* BJArraySchema.m */; };
		CEEF429419D0158800EEDB5D /* BJEnumSchema.h in Sources */ = {isa = PBXBuildFile; fileRef = CE48F77019C9A08B0093B09B /* BJEnumSchema.h */; };
		CEEF429519D0158800EEDB5D /* BJEnumSchema.m in Sources */ = {isa = PBXBuildFile; fileRef = CE48F77119C9A08B0093B09B /* BJEnumSchema.m */; };
		CEEF429619D0158800EEDB5D /* BJField.h in Sources */ = {isa = PBXBuildFile; fileRef = CEC7AA9919CAC48C000F89A7 /* BJField.h */; };
		CEEF429719D0158800EEDB5D /* BJField.m in Sources */ = {isa = PBXBuildFile; fileRef = CEC7AA9A19CAC48C000F89A7 /* BJField.m */; };
		CEEF429819D0158800EEDB5D /* BJJsonHelper.h in Sources */ = {isa = PBXBuildFile; fileRef = CE48F76D19C97E5D0093B09B /* BJJsonHelper.h */; };
		CEEF429919D0158800EEDB5D /* BJJsonHelper.m in Sources */ = {isa = PBXBuildFile; fileRef = CE48F76E19C97E5D0093B09B /* BJJsonHelper.m */; };
		CEEF429A19D0158800EEDB5D /* BJNamedSchema.h in Sources */ = {isa = PBXBuildFile; fileRef = CE7159FA19C96C580057DBBB /* BJNamedSchema.h */; };
		CEEF429B19D0158800EEDB5D /* BJNamedSchema.m in Sources */ = {isa = PBXBuildFile; fileRef = CE7159FB19C96C580057DBBB /* BJNamedSchema.m */; };
		CEEF429C19D0158800EEDB5D /* BJPropertyMap.h in Sources */ = {isa = PBXBuildFile; fileRef = CE7159EE19C9471F0057DBBB /* BJPropertyMap.h */; };
		CEEF429D19D0158800EEDB5D /* BJPropertyMap.m in Sources */ = {isa = PBXBuildFile; fileRef = CE7159EF19C9471F0057DBBB /* BJPropertyMap.m */; };
		CEEF429E19D0158800EEDB5D /* BJRecordSchema.h in Sources */ = {isa = PBXBuildFile; fileRef = CE0F0FB519CAA52E00C0C11E /* BJRecordSchema.h */; };
		CEEF429F19D0158800EEDB5D /* BJRecordSchema.m in Sources */ = {isa = PBXBuildFile; fileRef = CE0F0FB619CAA52E00C0C11E /* BJRecordSchema.m */; };
		CEEF42A019D0158800EEDB5D /* BJSchemaName.h in Sources */ = {isa = PBXBuildFile; fileRef = CE7159F419C95ED60057DBBB /* BJSchemaName.h */; };
		CEEF42A119D0158800EEDB5D /* BJSchemaName.m in Sources */ = {isa = PBXBuildFile; fileRef = CE7159F519C95ED60057DBBB /* BJSchemaName.m */; };
		CEEF42A219D0158800EEDB5D /* BJSchemaNames.h in Sources */ = {isa = PBXBuildFile; fileRef = CE7159F719C96BC40057DBBB /* BJSchemaNames.h */; };
		CEEF42A319D0158800EEDB5D /* BJSchemaNames.m in Sources */ = {isa = PBXBuildFile; fileRef = CE7159F819C96BC40057DBBB /* BJSchemaNames.m */; };
		CEEF42A419D0158800EEDB5D /* BJUnionSchema.h in Sources */ = {isa = PBXBuildFile; fileRef = CEBFFF5919CBEE6F00705622 /* BJUnionSchema.h */; };
		CEEF42A519D0158800EEDB5D /* BJUnionSchema.m in Sources */ = {isa = PBXBuildFile; fileRef = CEBFFF5A19CBEE6F00705622 /* BJUnionSchema.m */; };
		CEEF42A619D0158800EEDB5D /* BJUnnamedSchema.h in Sources */ = {isa = PBXBuildFile; fileRef = CE0F0FA319CA82B500C0C11E /* BJUnnamedSchema.h */; };
		CEEF42A719D0158800EEDB5D /* BJUnnamedSchema.m in Sources */ = {isa = PBXBuildFile; fileRef = CE0F0FA419CA82B500C0C11E /* BJUnnamedSchema.m */; };
		CEEF42A819D0158800EEDB5D /* BJMapSchema.h in Sources */ = {isa = PBXBuildFile; fileRef = CEEF41E219CFB98100EEDB5D /* BJMapSchema.h */; };
		CEEF42A919D0158800EEDB5D /* BJMapSchema.m in Sources */ = {isa = PBXBuildFile; fileRef = CEEF41E319CFB98100EEDB5D /* BJMapSchema.m */; };
		CEEF42B819D019B100EEDB5D /* BJSchemaTestEnum.m in Sources */ = {isa = PBXBuildFile; fileRef = CEEF42B719D019B100EEDB5D /* BJSchemaTestEnum.m */; };
		CEEF42BE19D126F300EEDB5D /* BJSchemaTestUnion.m in Sources */ = {isa = PBXBuildFile; fileRef = CEEF42BD19D126F300EEDB5D /* BJSchemaTestUnion.m */; };
		CEEF42C119D128F600EEDB5D /* BJSchemaTestArray.m in Sources */ = {isa = PBXBuildFile; fileRef = CEEF42C019D128F500EEDB5D /* BJSchemaTestArray.m */; };
		CEEF42C419D12A4400EEDB5D /* BJSchemaTestMap.m in Sources */ = {isa = PBXBuildFile; fileRef = CEEF42C319D12A4400EEDB5D /* BJSchemaTestMap.m */; };
		CEEF42C719D12B3600EEDB5D /* BJSchemaTestRecord.m in Sources */ = {isa = PBXBuildFile; fileRef = CEEF42C619D12B3600EEDB5D /* BJSchemaTestRecord.m */; };
		CEEF42DE19D1527200EEDB5D /* BJSchemaTestBasic.m in Sources */ = {isa = PBXBuildFile; fileRef = CEEF42DD19D1527100EEDB5D /* BJSchemaTestBasic.m */; };
		CEFBC2CA19D3B0D80034E202 /* BJMutableSpecificRecord.m in Sources */ = {isa = PBXBuildFile; fileRef = CEFBC2C919D3B0D80034E202 /* BJMutableSpecificRecord.m */; };
		CEFBC2E919D3C9B50034E202 /* BJSpecificEnum.m in Sources */ = {isa = PBXBuildFile; fileRef = CEFBC2E819D3C9B50034E202 /* BJSpecificEnum.m */; };
		CEFBC2EC19D3DFFF0034E202 /* BJSpecificJsonParser.m in Sources */ = {isa = PBXBuildFile; fileRef = CEFBC2EB19D3DFFF0034E202 /* BJSpecificJsonParser.m */; };
		CEFBC2F319D3F7DD0034E202 /* BJEnum1ValuesSpecific.m in Sources */ = {isa = PBXBuildFile; fileRef = CEFBC2F219D3F7DD0034E202 /* BJEnum1ValuesSpecific.m */; };
		CEFBC2F619D3FA7F0034E202 /* BJTestSerializerSample.m in Sources */ = {isa = PBXBuildFile; fileRef = CEFBC2F519D3FA7F0034E202 /* BJTestSerializerSample.m */; };
		CEFBC2FF19D406270034E202 /* BJMutableRecord.h in Sources */ = {isa = PBXBuildFile; fileRef = CE15C33519D2E1D100754015 /* BJMutableRecord.h */; };
		CEFBC30019D406270034E202 /* BJMutableSpecificRecord.h in Sources */ = {isa = PBXBuildFile; fileRef = CEFBC2C819D3B0D80034E202 /* BJMutableSpecificRecord.h */; };
		CEFBC30119D406270034E202 /* BJMutableSpecificRecord.m in Sources */ = {isa = PBXBuildFile; fileRef = CEFBC2C919D3B0D80034E202 /* BJMutableSpecificRecord.m */; };
		CEFBC30219D406270034E202 /* BJSpecificEnum.h in Sources */ = {isa = PBXBuildFile; fileRef = CEFBC2E719D3C9B40034E202 /* BJSpecificEnum.h */; };
		CEFBC30319D406270034E202 /* BJSpecificEnum.m in Sources */ = {isa = PBXBuildFile; fileRef = CEFBC2E819D3C9B50034E202 /* BJSpecificEnum.m */; };
		CEFBC30419D406270034E202 /* BJSpecificJsonParser.h in Sources */ = {isa = PBXBuildFile; fileRef = CEFBC2EA19D3DFFF0034E202 /* BJSpecificJsonParser.h */; };
		CEFBC30519D406270034E202 /* BJSpecificJsonParser.m in Sources */ = {isa = PBXBuildFile; fileRef = CEFBC2EB19D3DFFF0034E202 /* BJSpecificJsonParser.m */; };
		CEFBC30619D406270034E202 /* BJSpecificJsonWriter.h in Sources */ = {isa = PBXBuildFile; fileRef = CE15C32E19D2DCF900754015 /* BJSpecificJsonWriter.h */; };
		CEFBC30719D406270034E202 /* BJSpecificJsonWriter.m in Sources */ = {isa = PBXBuildFile; fileRef = CE15C32F19D2DCF900754015 /* BJSpecificJsonWriter.m */; };
		CEFBC30C19D413990034E202 /* BJUnitTestSerializer.m in Sources */ = {isa = PBXBuildFile; fileRef = CEFBC30B19D413990034E202 /* BJUnitTestSerializer.m */; };
		CEFBC30D19D41A650034E202 /* BJJsonSerializer.h in Sources */ = {isa = PBXBuildFile; fileRef = CE449A0C19C91FE100F0D92D /* BJJsonSerializer.h */; };
		CEFBC30E19D41A650034E202 /* BJJsonSerializer.m in Sources */ = {isa = PBXBuildFile; fileRef = CE449A0D19C91FE100F0D92D /* BJJsonSerializer.m */; };
		CEFBC30F19D41A650034E202 /* BJSerializable.h in Sources */ = {isa = PBXBuildFile; fileRef = CE449A1019C9201700F0D92D /* BJSerializable.h */; };
		CEFBC35019D50A4B0034E202 /* NSData+Base64.m in Sources */ = {isa = PBXBuildFile; fileRef = CEFBC34F19D50A4B0034E202 /* NSData+Base64.m */; };
		CEFBC35119D50ABC0034E202 /* NSData+Base64.h in Sources */ = {isa = PBXBuildFile; fileRef = CEFBC34E19D50A4B0034E202 /* NSData+Base64.h */; };
		CEFBC35219D50ABC0034E202 /* NSData+Base64.m in Sources */ = {isa = PBXBuildFile; fileRef = CEFBC34F19D50A4B0034E202 /* NSData+Base64.m */; };
/* End PBXBuildFile section */

/* Begin PBXContainerItemProxy section */
		CEEF425E19D012F700EEDB5D /* PBXContainerItemProxy */ = {
			isa = PBXContainerItemProxy;
			containerPortal = CE52854219C84DE900B427B5 /* Project object */;
			proxyType = 1;
			remoteGlobalIDString = CE52854A19C84DE900B427B5;
			remoteInfo = BaijiCore;
		};
/* End PBXContainerItemProxy section */

/* Begin PBXFileReference section */
		06C322F45ED0357DEF4FAA72 /* Pods-BaijiTest.release.xcconfig */ = {isa = PBXFileReference; includeInIndex = 1; lastKnownFileType = text.xcconfig; name = "Pods-BaijiTest.release.xcconfig"; path = "../Pods/Target Support Files/Pods-BaijiTest/Pods-BaijiTest.release.xcconfig"; sourceTree = "<group>"; };
		3BE218D819E7DE1800FABD15 /* JSONKit.h */ = {isa = PBXFileReference; fileEncoding = 4; lastKnownFileType = sourcecode.c.h; path = JSONKit.h; sourceTree = "<group>"; };
		3BE218D919E7DE1800FABD15 /* JSONKit.m */ = {isa = PBXFileReference; fileEncoding = 4; lastKnownFileType = sourcecode.c.objc; path = JSONKit.m; sourceTree = "<group>"; };
		3BE218DA19E7DE1800FABD15 /* README.md */ = {isa = PBXFileReference; fileEncoding = 4; lastKnownFileType = text; path = README.md; sourceTree = "<group>"; };
		4DE4BFB7696BFF938A0C2523 /* Pods-BaijiCore.release.xcconfig */ = {isa = PBXFileReference; includeInIndex = 1; lastKnownFileType = text.xcconfig; name = "Pods-BaijiCore.release.xcconfig"; path = "../Pods/Target Support Files/Pods-BaijiCore/Pods-BaijiCore.release.xcconfig"; sourceTree = "<group>"; };
		89BDDC28A3F7E75F3876702D /* Pods-BaijiTest.debug.xcconfig */ = {isa = PBXFileReference; includeInIndex = 1; lastKnownFileType = text.xcconfig; name = "Pods-BaijiTest.debug.xcconfig"; path = "../Pods/Target Support Files/Pods-BaijiTest/Pods-BaijiTest.debug.xcconfig"; sourceTree = "<group>"; };
		98F231124498FE922C52957D /* Pods-BaijiCore.debug.xcconfig */ = {isa = PBXFileReference; includeInIndex = 1; lastKnownFileType = text.xcconfig; name = "Pods-BaijiCore.debug.xcconfig"; path = "../Pods/Target Support Files/Pods-BaijiCore/Pods-BaijiCore.debug.xcconfig"; sourceTree = "<group>"; };
		A9A363983496479B839AECA5 /* libPods-BaijiCore.a */ = {isa = PBXFileReference; explicitFileType = archive.ar; includeInIndex = 0; path = "libPods-BaijiCore.a"; sourceTree = BUILT_PRODUCTS_DIR; };
		CE0F0F9F19CA820000C0C11E /* BJPrimitiveSchema.h */ = {isa = PBXFileReference; fileEncoding = 4; lastKnownFileType = sourcecode.c.h; path = BJPrimitiveSchema.h; sourceTree = "<group>"; };
		CE0F0FA019CA820000C0C11E /* BJPrimitiveSchema.m */ = {isa = PBXFileReference; fileEncoding = 4; lastKnownFileType = sourcecode.c.objc; path = BJPrimitiveSchema.m; sourceTree = "<group>"; };
		CE0F0FA319CA82B500C0C11E /* BJUnnamedSchema.h */ = {isa = PBXFileReference; fileEncoding = 4; lastKnownFileType = sourcecode.c.h; path = BJUnnamedSchema.h; sourceTree = "<group>"; };
		CE0F0FA419CA82B500C0C11E /* BJUnnamedSchema.m */ = {isa = PBXFileReference; fileEncoding = 4; lastKnownFileType = sourcecode.c.objc; path = BJUnnamedSchema.m; sourceTree = "<group>"; };
		CE0F0FB519CAA52E00C0C11E /* BJRecordSchema.h */ = {isa = PBXFileReference; fileEncoding = 4; lastKnownFileType = sourcecode.c.h; path = BJRecordSchema.h; sourceTree = "<group>"; };
		CE0F0FB619CAA52E00C0C11E /* BJRecordSchema.m */ = {isa = PBXFileReference; fileEncoding = 4; lastKnownFileType = sourcecode.c.objc; path = BJRecordSchema.m; sourceTree = "<group>"; };
		CE15C32E19D2DCF900754015 /* BJSpecificJsonWriter.h */ = {isa = PBXFileReference; fileEncoding = 4; lastKnownFileType = sourcecode.c.h; path = BJSpecificJsonWriter.h; sourceTree = "<group>"; };
		CE15C32F19D2DCF900754015 /* BJSpecificJsonWriter.m */ = {isa = PBXFileReference; fileEncoding = 4; lastKnownFileType = sourcecode.c.objc; path = BJSpecificJsonWriter.m; sourceTree = "<group>"; };
		CE15C33519D2E1D100754015 /* BJMutableRecord.h */ = {isa = PBXFileReference; lastKnownFileType = sourcecode.c.h; path = BJMutableRecord.h; sourceTree = "<group>"; };
		CE15C33F19D2E3E900754015 /* BJSchemas.h */ = {isa = PBXFileReference; lastKnownFileType = sourcecode.c.h; path = BJSchemas.h; sourceTree = "<group>"; };
		CE449A0C19C91FE100F0D92D /* BJJsonSerializer.h */ = {isa = PBXFileReference; fileEncoding = 4; lastKnownFileType = sourcecode.c.h; path = BJJsonSerializer.h; sourceTree = "<group>"; };
		CE449A0D19C91FE100F0D92D /* BJJsonSerializer.m */ = {isa = PBXFileReference; fileEncoding = 4; lastKnownFileType = sourcecode.c.objc; path = BJJsonSerializer.m; sourceTree = "<group>"; };
		CE449A1019C9201700F0D92D /* BJSerializable.h */ = {isa = PBXFileReference; lastKnownFileType = sourcecode.c.h; path = BJSerializable.h; sourceTree = "<group>"; };
		CE449A1B19C9286000F0D92D /* BJSchema.h */ = {isa = PBXFileReference; fileEncoding = 4; lastKnownFileType = sourcecode.c.h; path = BJSchema.h; sourceTree = "<group>"; };
		CE449A1C19C9286000F0D92D /* BJSchema.m */ = {isa = PBXFileReference; fileEncoding = 4; lastKnownFileType = sourcecode.c.objc; path = BJSchema.m; sourceTree = "<group>"; };
		CE48F76D19C97E5D0093B09B /* BJJsonHelper.h */ = {isa = PBXFileReference; fileEncoding = 4; lastKnownFileType = sourcecode.c.h; path = BJJsonHelper.h; sourceTree = "<group>"; };
		CE48F76E19C97E5D0093B09B /* BJJsonHelper.m */ = {isa = PBXFileReference; fileEncoding = 4; lastKnownFileType = sourcecode.c.objc; path = BJJsonHelper.m; sourceTree = "<group>"; };
		CE48F77019C9A08B0093B09B /* BJEnumSchema.h */ = {isa = PBXFileReference; fileEncoding = 4; lastKnownFileType = sourcecode.c.h; path = BJEnumSchema.h; sourceTree = "<group>"; };
		CE48F77119C9A08B0093B09B /* BJEnumSchema.m */ = {isa = PBXFileReference; fileEncoding = 4; lastKnownFileType = sourcecode.c.objc; path = BJEnumSchema.m; sourceTree = "<group>"; };
		CE52854B19C84DE900B427B5 /* BaijiCore.app */ = {isa = PBXFileReference; explicitFileType = wrapper.application; includeInIndex = 0; path = BaijiCore.app; sourceTree = BUILT_PRODUCTS_DIR; };
		CE52854F19C84DE900B427B5 /* UIKit.framework */ = {isa = PBXFileReference; lastKnownFileType = wrapper.framework; name = UIKit.framework; path = System/Library/Frameworks/UIKit.framework; sourceTree = SDKROOT; };
		CE52855119C84DE900B427B5 /* Foundation.framework */ = {isa = PBXFileReference; lastKnownFileType = wrapper.framework; name = Foundation.framework; path = System/Library/Frameworks/Foundation.framework; sourceTree = SDKROOT; };
		CE52855319C84DE900B427B5 /* CoreGraphics.framework */ = {isa = PBXFileReference; lastKnownFileType = wrapper.framework; name = CoreGraphics.framework; path = System/Library/Frameworks/CoreGraphics.framework; sourceTree = SDKROOT; };
		CE52855519C84DE900B427B5 /* CoreData.framework */ = {isa = PBXFileReference; lastKnownFileType = wrapper.framework; name = CoreData.framework; path = System/Library/Frameworks/CoreData.framework; sourceTree = SDKROOT; };
		CE52855919C84DE900B427B5 /* BaijiCore-Info.plist */ = {isa = PBXFileReference; lastKnownFileType = text.plist.xml; path = "BaijiCore-Info.plist"; sourceTree = "<group>"; };
		CE52855B19C84DE900B427B5 /* en */ = {isa = PBXFileReference; lastKnownFileType = text.plist.strings; name = en; path = en.lproj/InfoPlist.strings; sourceTree = "<group>"; };
		CE52855D19C84DE900B427B5 /* main.m */ = {isa = PBXFileReference; lastKnownFileType = sourcecode.c.objc; path = main.m; sourceTree = "<group>"; };
		CE52855F19C84DE900B427B5 /* BaijiCore-Prefix.pch */ = {isa = PBXFileReference; lastKnownFileType = sourcecode.c.h; path = "BaijiCore-Prefix.pch"; sourceTree = "<group>"; };
		CE52856019C84DE900B427B5 /* BJAppDelegate.h */ = {isa = PBXFileReference; lastKnownFileType = sourcecode.c.h; path = BJAppDelegate.h; sourceTree = "<group>"; };
		CE52856119C84DE900B427B5 /* BJAppDelegate.m */ = {isa = PBXFileReference; lastKnownFileType = sourcecode.c.objc; path = BJAppDelegate.m; sourceTree = "<group>"; };
		CE52856319C84DE900B427B5 /* Default.png */ = {isa = PBXFileReference; lastKnownFileType = image.png; path = Default.png; sourceTree = "<group>"; };
		CE52856519C84DE900B427B5 /* Default@2x.png */ = {isa = PBXFileReference; lastKnownFileType = image.png; path = "Default@2x.png"; sourceTree = "<group>"; };
		CE52856719C84DE900B427B5 /* Default-568h@2x.png */ = {isa = PBXFileReference; lastKnownFileType = image.png; path = "Default-568h@2x.png"; sourceTree = "<group>"; };
		CE52856A19C84DE900B427B5 /* BaijiCore.xcdatamodel */ = {isa = PBXFileReference; lastKnownFileType = wrapper.xcdatamodel; path = BaijiCore.xcdatamodel; sourceTree = "<group>"; };
		CE7159EE19C9471F0057DBBB /* BJPropertyMap.h */ = {isa = PBXFileReference; fileEncoding = 4; lastKnownFileType = sourcecode.c.h; path = BJPropertyMap.h; sourceTree = "<group>"; };
		CE7159EF19C9471F0057DBBB /* BJPropertyMap.m */ = {isa = PBXFileReference; fileEncoding = 4; lastKnownFileType = sourcecode.c.objc; path = BJPropertyMap.m; sourceTree = "<group>"; };
		CE7159F119C952060057DBBB /* BJError.h */ = {isa = PBXFileReference; fileEncoding = 4; lastKnownFileType = sourcecode.c.h; path = BJError.h; sourceTree = "<group>"; };
		CE7159F219C952060057DBBB /* BJError.m */ = {isa = PBXFileReference; fileEncoding = 4; lastKnownFileType = sourcecode.c.objc; path = BJError.m; sourceTree = "<group>"; };
		CE7159F419C95ED60057DBBB /* BJSchemaName.h */ = {isa = PBXFileReference; fileEncoding = 4; lastKnownFileType = sourcecode.c.h; path = BJSchemaName.h; sourceTree = "<group>"; };
		CE7159F519C95ED60057DBBB /* BJSchemaName.m */ = {isa = PBXFileReference; fileEncoding = 4; lastKnownFileType = sourcecode.c.objc; path = BJSchemaName.m; sourceTree = "<group>"; };
		CE7159F719C96BC40057DBBB /* BJSchemaNames.h */ = {isa = PBXFileReference; fileEncoding = 4; lastKnownFileType = sourcecode.c.h; path = BJSchemaNames.h; sourceTree = "<group>"; };
		CE7159F819C96BC40057DBBB /* BJSchemaNames.m */ = {isa = PBXFileReference; fileEncoding = 4; lastKnownFileType = sourcecode.c.objc; path = BJSchemaNames.m; sourceTree = "<group>"; };
		CE7159FA19C96C580057DBBB /* BJNamedSchema.h */ = {isa = PBXFileReference; fileEncoding = 4; lastKnownFileType = sourcecode.c.h; path = BJNamedSchema.h; sourceTree = "<group>"; };
		CE7159FB19C96C580057DBBB /* BJNamedSchema.m */ = {isa = PBXFileReference; fileEncoding = 4; lastKnownFileType = sourcecode.c.objc; path = BJNamedSchema.m; sourceTree = "<group>"; };
		CEBFFF5919CBEE6F00705622 /* BJUnionSchema.h */ = {isa = PBXFileReference; fileEncoding = 4; lastKnownFileType = sourcecode.c.h; path = BJUnionSchema.h; sourceTree = "<group>"; };
		CEBFFF5A19CBEE6F00705622 /* BJUnionSchema.m */ = {isa = PBXFileReference; fileEncoding = 4; lastKnownFileType = sourcecode.c.objc; path = BJUnionSchema.m; sourceTree = "<group>"; };
		CEBFFF5C19CC305600705622 /* BJArraySchema.h */ = {isa = PBXFileReference; fileEncoding = 4; lastKnownFileType = sourcecode.c.h; path = BJArraySchema.h; sourceTree = "<group>"; };
		CEBFFF5D19CC305600705622 /* BJArraySchema.m */ = {isa = PBXFileReference; fileEncoding = 4; lastKnownFileType = sourcecode.c.objc; path = BJArraySchema.m; sourceTree = "<group>"; };
		CEC7AA9919CAC48C000F89A7 /* BJField.h */ = {isa = PBXFileReference; fileEncoding = 4; lastKnownFileType = sourcecode.c.h; path = BJField.h; sourceTree = "<group>"; };
		CEC7AA9A19CAC48C000F89A7 /* BJField.m */ = {isa = PBXFileReference; fileEncoding = 4; lastKnownFileType = sourcecode.c.objc; path = BJField.m; sourceTree = "<group>"; };
		CEEF41E219CFB98100EEDB5D /* BJMapSchema.h */ = {isa = PBXFileReference; fileEncoding = 4; lastKnownFileType = sourcecode.c.h; path = BJMapSchema.h; sourceTree = "<group>"; };
		CEEF41E319CFB98100EEDB5D /* BJMapSchema.m */ = {isa = PBXFileReference; fileEncoding = 4; lastKnownFileType = sourcecode.c.objc; path = BJMapSchema.m; sourceTree = "<group>"; };
		CEEF41F919D0011900EEDB5D /* BaijiTest.app */ = {isa = PBXFileReference; explicitFileType = wrapper.application; includeInIndex = 0; path = BaijiTest.app; sourceTree = BUILT_PRODUCTS_DIR; };
		CEEF420119D0011900EEDB5D /* BaijiTest-Info.plist */ = {isa = PBXFileReference; lastKnownFileType = text.plist.xml; path = "BaijiTest-Info.plist"; sourceTree = "<group>"; };
		CEEF420319D0011900EEDB5D /* en */ = {isa = PBXFileReference; lastKnownFileType = text.plist.strings; name = en; path = en.lproj/InfoPlist.strings; sourceTree = "<group>"; };
		CEEF420519D0011900EEDB5D /* main.m */ = {isa = PBXFileReference; lastKnownFileType = sourcecode.c.objc; path = main.m; sourceTree = "<group>"; };
		CEEF420719D0011900EEDB5D /* BaijiTest-Prefix.pch */ = {isa = PBXFileReference; lastKnownFileType = sourcecode.c.h; path = "BaijiTest-Prefix.pch"; sourceTree = "<group>"; };
		CEEF420B19D0011900EEDB5D /* Default.png */ = {isa = PBXFileReference; lastKnownFileType = image.png; path = Default.png; sourceTree = "<group>"; };
		CEEF420D19D0011900EEDB5D /* Default@2x.png */ = {isa = PBXFileReference; lastKnownFileType = image.png; path = "Default@2x.png"; sourceTree = "<group>"; };
		CEEF420F19D0011900EEDB5D /* Default-568h@2x.png */ = {isa = PBXFileReference; lastKnownFileType = image.png; path = "Default-568h@2x.png"; sourceTree = "<group>"; };
		CEEF421219D0011900EEDB5D /* BaijiTest.xcdatamodel */ = {isa = PBXFileReference; lastKnownFileType = wrapper.xcdatamodel; path = BaijiTest.xcdatamodel; sourceTree = "<group>"; };
		CEEF422219D0047300EEDB5D /* BJSchemaTestPrimitive.h */ = {isa = PBXFileReference; fileEncoding = 4; lastKnownFileType = sourcecode.c.h; path = BJSchemaTestPrimitive.h; sourceTree = "<group>"; };
		CEEF422319D0047300EEDB5D /* BJSchemaTestPrimitive.m */ = {isa = PBXFileReference; fileEncoding = 4; lastKnownFileType = sourcecode.c.objc; path = BJSchemaTestPrimitive.m; sourceTree = "<group>"; };
		CEEF423D19D00BDF00EEDB5D /* BJSchemaTestBase.h */ = {isa = PBXFileReference; fileEncoding = 4; lastKnownFileType = sourcecode.c.h; path = BJSchemaTestBase.h; sourceTree = "<group>"; };
		CEEF423E19D00BDF00EEDB5D /* BJSchemaTestBase.m */ = {isa = PBXFileReference; fileEncoding = 4; lastKnownFileType = sourcecode.c.objc; path = BJSchemaTestBase.m; sourceTree = "<group>"; };
		CEEF425C19D012C300EEDB5D /* libPods-BaijiCore.a */ = {isa = PBXFileReference; lastKnownFileType = archive.ar; name = "libPods-BaijiCore.a"; path = "../Pods/build/Release-iphoneos/libPods-BaijiCore.a"; sourceTree = "<group>"; };
		CEEF42B619D019B100EEDB5D /* BJSchemaTestEnum.h */ = {isa = PBXFileReference; fileEncoding = 4; lastKnownFileType = sourcecode.c.h; path = BJSchemaTestEnum.h; sourceTree = "<group>"; };
		CEEF42B719D019B100EEDB5D /* BJSchemaTestEnum.m */ = {isa = PBXFileReference; fileEncoding = 4; lastKnownFileType = sourcecode.c.objc; path = BJSchemaTestEnum.m; sourceTree = "<group>"; };
		CEEF42BC19D126F300EEDB5D /* BJSchemaTestUnion.h */ = {isa = PBXFileReference; fileEncoding = 4; lastKnownFileType = sourcecode.c.h; path = BJSchemaTestUnion.h; sourceTree = "<group>"; };
		CEEF42BD19D126F300EEDB5D /* BJSchemaTestUnion.m */ = {isa = PBXFileReference; fileEncoding = 4; lastKnownFileType = sourcecode.c.objc; path = BJSchemaTestUnion.m; sourceTree = "<group>"; };
		CEEF42BF19D128F500EEDB5D /* BJSchemaTestArray.h */ = {isa = PBXFileReference; fileEncoding = 4; lastKnownFileType = sourcecode.c.h; path = BJSchemaTestArray.h; sourceTree = "<group>"; };
		CEEF42C019D128F500EEDB5D /* BJSchemaTestArray.m */ = {isa = PBXFileReference; fileEncoding = 4; lastKnownFileType = sourcecode.c.objc; path = BJSchemaTestArray.m; sourceTree = "<group>"; };
		CEEF42C219D12A4400EEDB5D /* BJSchemaTestMap.h */ = {isa = PBXFileReference; fileEncoding = 4; lastKnownFileType = sourcecode.c.h; path = BJSchemaTestMap.h; sourceTree = "<group>"; };
		CEEF42C319D12A4400EEDB5D /* BJSchemaTestMap.m */ = {isa = PBXFileReference; fileEncoding = 4; lastKnownFileType = sourcecode.c.objc; path = BJSchemaTestMap.m; sourceTree = "<group>"; };
		CEEF42C519D12B3500EEDB5D /* BJSchemaTestRecord.h */ = {isa = PBXFileReference; fileEncoding = 4; lastKnownFileType = sourcecode.c.h; path = BJSchemaTestRecord.h; sourceTree = "<group>"; };
		CEEF42C619D12B3600EEDB5D /* BJSchemaTestRecord.m */ = {isa = PBXFileReference; fileEncoding = 4; lastKnownFileType = sourcecode.c.objc; path = BJSchemaTestRecord.m; sourceTree = "<group>"; };
		CEEF42DC19D1527100EEDB5D /* BJSchemaTestBasic.h */ = {isa = PBXFileReference; fileEncoding = 4; lastKnownFileType = sourcecode.c.h; path = BJSchemaTestBasic.h; sourceTree = "<group>"; };
		CEEF42DD19D1527100EEDB5D /* BJSchemaTestBasic.m */ = {isa = PBXFileReference; fileEncoding = 4; lastKnownFileType = sourcecode.c.objc; path = BJSchemaTestBasic.m; sourceTree = "<group>"; };
		CEFBC2C819D3B0D80034E202 /* BJMutableSpecificRecord.h */ = {isa = PBXFileReference; fileEncoding = 4; lastKnownFileType = sourcecode.c.h; path = BJMutableSpecificRecord.h; sourceTree = "<group>"; };
		CEFBC2C919D3B0D80034E202 /* BJMutableSpecificRecord.m */ = {isa = PBXFileReference; fileEncoding = 4; lastKnownFileType = sourcecode.c.objc; path = BJMutableSpecificRecord.m; sourceTree = "<group>"; };
		CEFBC2E719D3C9B40034E202 /* BJSpecificEnum.h */ = {isa = PBXFileReference; fileEncoding = 4; lastKnownFileType = sourcecode.c.h; path = BJSpecificEnum.h; sourceTree = "<group>"; };
		CEFBC2E819D3C9B50034E202 /* BJSpecificEnum.m */ = {isa = PBXFileReference; fileEncoding = 4; lastKnownFileType = sourcecode.c.objc; path = BJSpecificEnum.m; sourceTree = "<group>"; };
		CEFBC2EA19D3DFFF0034E202 /* BJSpecificJsonParser.h */ = {isa = PBXFileReference; fileEncoding = 4; lastKnownFileType = sourcecode.c.h; path = BJSpecificJsonParser.h; sourceTree = "<group>"; };
		CEFBC2EB19D3DFFF0034E202 /* BJSpecificJsonParser.m */ = {isa = PBXFileReference; fileEncoding = 4; lastKnownFileType = sourcecode.c.objc; path = BJSpecificJsonParser.m; sourceTree = "<group>"; };
		CEFBC2F119D3F7DD0034E202 /* BJEnum1ValuesSpecific.h */ = {isa = PBXFileReference; fileEncoding = 4; lastKnownFileType = sourcecode.c.h; path = BJEnum1ValuesSpecific.h; sourceTree = "<group>"; };
		CEFBC2F219D3F7DD0034E202 /* BJEnum1ValuesSpecific.m */ = {isa = PBXFileReference; fileEncoding = 4; lastKnownFileType = sourcecode.c.objc; path = BJEnum1ValuesSpecific.m; sourceTree = "<group>"; };
		CEFBC2F419D3FA7F0034E202 /* BJTestSerializerSample.h */ = {isa = PBXFileReference; fileEncoding = 4; lastKnownFileType = sourcecode.c.h; path = BJTestSerializerSample.h; sourceTree = "<group>"; };
		CEFBC2F519D3FA7F0034E202 /* BJTestSerializerSample.m */ = {isa = PBXFileReference; fileEncoding = 4; lastKnownFileType = sourcecode.c.objc; path = BJTestSerializerSample.m; sourceTree = "<group>"; };
		CEFBC30A19D413990034E202 /* BJUnitTestSerializer.h */ = {isa = PBXFileReference; fileEncoding = 4; lastKnownFileType = sourcecode.c.h; path = BJUnitTestSerializer.h; sourceTree = "<group>"; };
		CEFBC30B19D413990034E202 /* BJUnitTestSerializer.m */ = {isa = PBXFileReference; fileEncoding = 4; lastKnownFileType = sourcecode.c.objc; path = BJUnitTestSerializer.m; sourceTree = "<group>"; };
		CEFBC34E19D50A4B0034E202 /* NSData+Base64.h */ = {isa = PBXFileReference; fileEncoding = 4; lastKnownFileType = sourcecode.c.h; path = "NSData+Base64.h"; sourceTree = "<group>"; };
		CEFBC34F19D50A4B0034E202 /* NSData+Base64.m */ = {isa = PBXFileReference; fileEncoding = 4; lastKnownFileType = sourcecode.c.objc; path = "NSData+Base64.m"; sourceTree = "<group>"; };
		E45918054D3E4D1EB1D7A999 /* libPods-BaijiTest.a */ = {isa = PBXFileReference; explicitFileType = archive.ar; includeInIndex = 0; path = "libPods-BaijiTest.a"; sourceTree = BUILT_PRODUCTS_DIR; };
/* End PBXFileReference section */

/* Begin PBXFrameworksBuildPhase section */
		CE52854819C84DE900B427B5 /* Frameworks */ = {
			isa = PBXFrameworksBuildPhase;
			buildActionMask = 2147483647;
			files = (
				CE52855019C84DE900B427B5 /* UIKit.framework in Frameworks */,
				CE52855219C84DE900B427B5 /* Foundation.framework in Frameworks */,
				CE52855419C84DE900B427B5 /* CoreGraphics.framework in Frameworks */,
				CE52855619C84DE900B427B5 /* CoreData.framework in Frameworks */,
				45BE962B84454BB59A86CD03 /* libPods-BaijiCore.a in Frameworks */,
			);
			runOnlyForDeploymentPostprocessing = 0;
		};
		CEEF41F619D0011900EEDB5D /* Frameworks */ = {
			isa = PBXFrameworksBuildPhase;
			buildActionMask = 2147483647;
			files = (
				CEEF41FB19D0011900EEDB5D /* UIKit.framework in Frameworks */,
				CEEF41FC19D0011900EEDB5D /* Foundation.framework in Frameworks */,
				CEEF41FD19D0011900EEDB5D /* CoreGraphics.framework in Frameworks */,
				CEEF41FE19D0011900EEDB5D /* CoreData.framework in Frameworks */,
				BC3CCE3F7A324610A67D151B /* libPods-BaijiTest.a in Frameworks */,
			);
			runOnlyForDeploymentPostprocessing = 0;
		};
/* End PBXFrameworksBuildPhase section */

/* Begin PBXGroup section */
		133405EDDB0047150AB63A2A /* Pods */ = {
			isa = PBXGroup;
			children = (
				98F231124498FE922C52957D /* Pods-BaijiCore.debug.xcconfig */,
				4DE4BFB7696BFF938A0C2523 /* Pods-BaijiCore.release.xcconfig */,
				89BDDC28A3F7E75F3876702D /* Pods-BaijiTest.debug.xcconfig */,
				06C322F45ED0357DEF4FAA72 /* Pods-BaijiTest.release.xcconfig */,
			);
			name = Pods;
			sourceTree = "<group>";
		};
		3BE218D619E7DE1800FABD15 /* Lib */ = {
			isa = PBXGroup;
			children = (
				3BE218D719E7DE1800FABD15 /* JSONKit */,
			);
			path = Lib;
			sourceTree = "<group>";
		};
		3BE218D719E7DE1800FABD15 /* JSONKit */ = {
			isa = PBXGroup;
			children = (
				3BE218D819E7DE1800FABD15 /* JSONKit.h */,
				3BE218D919E7DE1800FABD15 /* JSONKit.m */,
				3BE218DA19E7DE1800FABD15 /* README.md */,
			);
			path = JSONKit;
			sourceTree = "<group>";
		};
		CE15C32D19D2DCC700754015 /* Specific */ = {
			isa = PBXGroup;
			children = (
				CE15C33519D2E1D100754015 /* BJMutableRecord.h */,
				CEFBC2C819D3B0D80034E202 /* BJMutableSpecificRecord.h */,
				CEFBC2C919D3B0D80034E202 /* BJMutableSpecificRecord.m */,
				CEFBC2E719D3C9B40034E202 /* BJSpecificEnum.h */,
				CEFBC2E819D3C9B50034E202 /* BJSpecificEnum.m */,
				CEFBC2EA19D3DFFF0034E202 /* BJSpecificJsonParser.h */,
				CEFBC2EB19D3DFFF0034E202 /* BJSpecificJsonParser.m */,
				CE15C32E19D2DCF900754015 /* BJSpecificJsonWriter.h */,
				CE15C32F19D2DCF900754015 /* BJSpecificJsonWriter.m */,
			);
			path = Specific;
			sourceTree = "<group>";
		};
		CE449A1819C9282E00F0D92D /* Schema */ = {
			isa = PBXGroup;
			children = (
				CEBFFF5C19CC305600705622 /* BJArraySchema.h */,
				CEBFFF5D19CC305600705622 /* BJArraySchema.m */,
				CE48F77019C9A08B0093B09B /* BJEnumSchema.h */,
				CE48F77119C9A08B0093B09B /* BJEnumSchema.m */,
				CEC7AA9919CAC48C000F89A7 /* BJField.h */,
				CEC7AA9A19CAC48C000F89A7 /* BJField.m */,
				CE48F76D19C97E5D0093B09B /* BJJsonHelper.h */,
				CE48F76E19C97E5D0093B09B /* BJJsonHelper.m */,
				CE7159FA19C96C580057DBBB /* BJNamedSchema.h */,
				CE7159FB19C96C580057DBBB /* BJNamedSchema.m */,
				CE0F0F9F19CA820000C0C11E /* BJPrimitiveSchema.h */,
				CE0F0FA019CA820000C0C11E /* BJPrimitiveSchema.m */,
				CE7159EE19C9471F0057DBBB /* BJPropertyMap.h */,
				CE7159EF19C9471F0057DBBB /* BJPropertyMap.m */,
				CE0F0FB519CAA52E00C0C11E /* BJRecordSchema.h */,
				CE0F0FB619CAA52E00C0C11E /* BJRecordSchema.m */,
				CE449A1B19C9286000F0D92D /* BJSchema.h */,
				CE449A1C19C9286000F0D92D /* BJSchema.m */,
				CE7159F419C95ED60057DBBB /* BJSchemaName.h */,
				CE7159F519C95ED60057DBBB /* BJSchemaName.m */,
				CE7159F719C96BC40057DBBB /* BJSchemaNames.h */,
				CE7159F819C96BC40057DBBB /* BJSchemaNames.m */,
				CEBFFF5919CBEE6F00705622 /* BJUnionSchema.h */,
				CEBFFF5A19CBEE6F00705622 /* BJUnionSchema.m */,
				CE0F0FA319CA82B500C0C11E /* BJUnnamedSchema.h */,
				CE0F0FA419CA82B500C0C11E /* BJUnnamedSchema.m */,
				CEEF41E219CFB98100EEDB5D /* BJMapSchema.h */,
				CEEF41E319CFB98100EEDB5D /* BJMapSchema.m */,
				CE15C33F19D2E3E900754015 /* BJSchemas.h */,
			);
			path = Schema;
			sourceTree = "<group>";
		};
		CE52854019C84DE900B427B5 = {
			isa = PBXGroup;
			children = (
				CE52855719C84DE900B427B5 /* BaijiCore */,
				CEEF41FF19D0011900EEDB5D /* BaijiTest */,
				CE52854E19C84DE900B427B5 /* Frameworks */,
				3BE218D619E7DE1800FABD15 /* Lib */,
				CEEF425C19D012C300EEDB5D /* libPods-BaijiCore.a */,
				133405EDDB0047150AB63A2A /* Pods */,
				CE52854C19C84DE900B427B5 /* Products */,
			);
			sourceTree = "<group>";
		};
		CE52854C19C84DE900B427B5 /* Products */ = {
			isa = PBXGroup;
			children = (
				CE52854B19C84DE900B427B5 /* BaijiCore.app */,
				CEEF41F919D0011900EEDB5D /* BaijiTest.app */,
			);
			name = Products;
			sourceTree = "<group>";
		};
		CE52854E19C84DE900B427B5 /* Frameworks */ = {
			isa = PBXGroup;
			children = (
				CE52854F19C84DE900B427B5 /* UIKit.framework */,
				CE52855119C84DE900B427B5 /* Foundation.framework */,
				CE52855319C84DE900B427B5 /* CoreGraphics.framework */,
				CE52855519C84DE900B427B5 /* CoreData.framework */,
				A9A363983496479B839AECA5 /* libPods-BaijiCore.a */,
				E45918054D3E4D1EB1D7A999 /* libPods-BaijiTest.a */,
			);
			name = Frameworks;
			sourceTree = "<group>";
		};
		CE52855719C84DE900B427B5 /* BaijiCore */ = {
			isa = PBXGroup;
			children = (
				CE52856919C84DE900B427B5 /* BaijiCore.xcdatamodeld */,
				CE52856019C84DE900B427B5 /* BJAppDelegate.h */,
				CE52856119C84DE900B427B5 /* BJAppDelegate.m */,
				CE7159F119C952060057DBBB /* BJError.h */,
				CE7159F219C952060057DBBB /* BJError.m */,
				CE449A0C19C91FE100F0D92D /* BJJsonSerializer.h */,
				CE449A0D19C91FE100F0D92D /* BJJsonSerializer.m */,
				CE449A1019C9201700F0D92D /* BJSerializable.h */,
				CEFBC33019D501510034E202 /* Crypto */,
				CE449A1819C9282E00F0D92D /* Schema */,
				CE15C32D19D2DCC700754015 /* Specific */,
				CE52855819C84DE900B427B5 /* Supporting Files */,
			);
			path = BaijiCore;
			sourceTree = "<group>";
		};
		CE52855819C84DE900B427B5 /* Supporting Files */ = {
			isa = PBXGroup;
			children = (
				CE52855919C84DE900B427B5 /* BaijiCore-Info.plist */,
				CE52855A19C84DE900B427B5 /* InfoPlist.strings */,
				CE52855D19C84DE900B427B5 /* main.m */,
				CE52855F19C84DE900B427B5 /* BaijiCore-Prefix.pch */,
				CE52856319C84DE900B427B5 /* Default.png */,
				CE52856519C84DE900B427B5 /* Default@2x.png */,
				CE52856719C84DE900B427B5 /* Default-568h@2x.png */,
			);
			name = "Supporting Files";
			sourceTree = "<group>";
		};
		CEEF41FF19D0011900EEDB5D /* BaijiTest */ = {
			isa = PBXGroup;
			children = (
				CEFBC30919D4131E0034E202 /* Types */,
				CEFBC2ED19D3F7970034E202 /* Specific */,
				CEEF422019D0043A00EEDB5D /* Schema */,
				CEEF421119D0011900EEDB5D /* BaijiTest.xcdatamodeld */,
				CEEF420019D0011900EEDB5D /* Supporting Files */,
			);
			path = BaijiTest;
			sourceTree = "<group>";
		};
		CEEF420019D0011900EEDB5D /* Supporting Files */ = {
			isa = PBXGroup;
			children = (
				CEEF420119D0011900EEDB5D /* BaijiTest-Info.plist */,
				CEEF420219D0011900EEDB5D /* InfoPlist.strings */,
				CEEF420519D0011900EEDB5D /* main.m */,
				CEEF420719D0011900EEDB5D /* BaijiTest-Prefix.pch */,
				CEEF420B19D0011900EEDB5D /* Default.png */,
				CEEF420D19D0011900EEDB5D /* Default@2x.png */,
				CEEF420F19D0011900EEDB5D /* Default-568h@2x.png */,
			);
			name = "Supporting Files";
			sourceTree = "<group>";
		};
		CEEF422019D0043A00EEDB5D /* Schema */ = {
			isa = PBXGroup;
			children = (
				CEEF422219D0047300EEDB5D /* BJSchemaTestPrimitive.h */,
				CEEF422319D0047300EEDB5D /* BJSchemaTestPrimitive.m */,
				CEEF423D19D00BDF00EEDB5D /* BJSchemaTestBase.h */,
				CEEF423E19D00BDF00EEDB5D /* BJSchemaTestBase.m */,
				CEEF42B619D019B100EEDB5D /* BJSchemaTestEnum.h */,
				CEEF42B719D019B100EEDB5D /* BJSchemaTestEnum.m */,
				CEEF42BC19D126F300EEDB5D /* BJSchemaTestUnion.h */,
				CEEF42BD19D126F300EEDB5D /* BJSchemaTestUnion.m */,
				CEEF42BF19D128F500EEDB5D /* BJSchemaTestArray.h */,
				CEEF42C019D128F500EEDB5D /* BJSchemaTestArray.m */,
				CEEF42C219D12A4400EEDB5D /* BJSchemaTestMap.h */,
				CEEF42C319D12A4400EEDB5D /* BJSchemaTestMap.m */,
				CEEF42C519D12B3500EEDB5D /* BJSchemaTestRecord.h */,
				CEEF42C619D12B3600EEDB5D /* BJSchemaTestRecord.m */,
				CEEF42DC19D1527100EEDB5D /* BJSchemaTestBasic.h */,
				CEEF42DD19D1527100EEDB5D /* BJSchemaTestBasic.m */,
			);
			path = Schema;
			sourceTree = "<group>";
		};
		CEFBC2ED19D3F7970034E202 /* Specific */ = {
			isa = PBXGroup;
			children = (
				CEFBC30A19D413990034E202 /* BJUnitTestSerializer.h */,
				CEFBC30B19D413990034E202 /* BJUnitTestSerializer.m */,
			);
			path = Specific;
			sourceTree = "<group>";
		};
		CEFBC30919D4131E0034E202 /* Types */ = {
			isa = PBXGroup;
			children = (
				CEFBC2F119D3F7DD0034E202 /* BJEnum1ValuesSpecific.h */,
				CEFBC2F219D3F7DD0034E202 /* BJEnum1ValuesSpecific.m */,
				CEFBC2F419D3FA7F0034E202 /* BJTestSerializerSample.h */,
				CEFBC2F519D3FA7F0034E202 /* BJTestSerializerSample.m */,
			);
			path = Types;
			sourceTree = "<group>";
		};
		CEFBC33019D501510034E202 /* Crypto */ = {
			isa = PBXGroup;
			children = (
				CEFBC34E19D50A4B0034E202 /* NSData+Base64.h */,
				CEFBC34F19D50A4B0034E202 /* NSData+Base64.m */,
			);
			path = Crypto;
			sourceTree = "<group>";
		};
/* End PBXGroup section */

/* Begin PBXNativeTarget section */
		CE52854A19C84DE900B427B5 /* BaijiCore */ = {
			isa = PBXNativeTarget;
			buildConfigurationList = CE52856E19C84DE900B427B5 /* Build configuration list for PBXNativeTarget "BaijiCore" */;
			buildPhases = (
				A2EA2B93F2AA449781CCBB7C /* Check Pods Manifest.lock */,
				CE52854719C84DE900B427B5 /* Sources */,
				CE52854819C84DE900B427B5 /* Frameworks */,
				CE52854919C84DE900B427B5 /* Resources */,
				D6FDA662897A4B039E1928E4 /* Copy Pods Resources */,
			);
			buildRules = (
			);
			dependencies = (
			);
			name = BaijiCore;
			productName = BaijiCore;
			productReference = CE52854B19C84DE900B427B5 /* BaijiCore.app */;
			productType = "com.apple.product-type.application";
		};
		CEEF41F819D0011900EEDB5D /* BaijiTest */ = {
			isa = PBXNativeTarget;
			buildConfigurationList = CEEF421619D0011900EEDB5D /* Build configuration list for PBXNativeTarget "BaijiTest" */;
			buildPhases = (
				D559EDC1C8CE49BAB34E6A3A /* Check Pods Manifest.lock */,
				CEEF41F519D0011900EEDB5D /* Sources */,
				CEEF41F619D0011900EEDB5D /* Frameworks */,
				CEEF41F719D0011900EEDB5D /* Resources */,
				DF00C8D0E6BD4F409E16877F /* Copy Pods Resources */,
			);
			buildRules = (
			);
			dependencies = (
				CEEF425F19D012F700EEDB5D /* PBXTargetDependency */,
			);
			name = BaijiTest;
			productName = BaijiTest;
			productReference = CEEF41F919D0011900EEDB5D /* BaijiTest.app */;
			productType = "com.apple.product-type.application";
		};
/* End PBXNativeTarget section */

/* Begin PBXProject section */
		CE52854219C84DE900B427B5 /* Project object */ = {
			isa = PBXProject;
			attributes = {
				CLASSPREFIX = BJ;
				LastUpgradeCheck = 0450;
				ORGANIZATIONNAME = ctriposs;
			};
			buildConfigurationList = CE52854519C84DE900B427B5 /* Build configuration list for PBXProject "BaijiCore" */;
			compatibilityVersion = "Xcode 3.2";
			developmentRegion = English;
			hasScannedForEncodings = 0;
			knownRegions = (
				en,
			);
			mainGroup = CE52854019C84DE900B427B5;
			productRefGroup = CE52854C19C84DE900B427B5 /* Products */;
			projectDirPath = "";
			projectRoot = "";
			targets = (
				CE52854A19C84DE900B427B5 /* BaijiCore */,
				CEEF41F819D0011900EEDB5D /* BaijiTest */,
			);
		};
/* End PBXProject section */

/* Begin PBXResourcesBuildPhase section */
		CE52854919C84DE900B427B5 /* Resources */ = {
			isa = PBXResourcesBuildPhase;
			buildActionMask = 2147483647;
			files = (
				CE52855C19C84DE900B427B5 /* InfoPlist.strings in Resources */,
				CE52856419C84DE900B427B5 /* Default.png in Resources */,
				3BE218DD19E7DE1800FABD15 /* README.md in Resources */,
				CE52856619C84DE900B427B5 /* Default@2x.png in Resources */,
				CE52856819C84DE900B427B5 /* Default-568h@2x.png in Resources */,
			);
			runOnlyForDeploymentPostprocessing = 0;
		};
		CEEF41F719D0011900EEDB5D /* Resources */ = {
			isa = PBXResourcesBuildPhase;
			buildActionMask = 2147483647;
			files = (
				CEEF420419D0011900EEDB5D /* InfoPlist.strings in Resources */,
				CEEF420C19D0011900EEDB5D /* Default.png in Resources */,
				3BE218DE19E7DE1800FABD15 /* README.md in Resources */,
				CEEF420E19D0011900EEDB5D /* Default@2x.png in Resources */,
				CEEF421019D0011900EEDB5D /* Default-568h@2x.png in Resources */,
			);
			runOnlyForDeploymentPostprocessing = 0;
		};
/* End PBXResourcesBuildPhase section */

/* Begin PBXShellScriptBuildPhase section */
		A2EA2B93F2AA449781CCBB7C /* Check Pods Manifest.lock */ = {
			isa = PBXShellScriptBuildPhase;
			buildActionMask = 2147483647;
			files = (
			);
			inputPaths = (
			);
			name = "Check Pods Manifest.lock";
			outputPaths = (
			);
			runOnlyForDeploymentPostprocessing = 0;
			shellPath = /bin/sh;
			shellScript = "diff \"${PODS_ROOT}/../Podfile.lock\" \"${PODS_ROOT}/Manifest.lock\" > /dev/null\nif [[ $? != 0 ]] ; then\n    cat << EOM\nerror: The sandbox is not in sync with the Podfile.lock. Run 'pod install' or update your CocoaPods installation.\nEOM\n    exit 1\nfi\n";
			showEnvVarsInLog = 0;
		};
		D559EDC1C8CE49BAB34E6A3A /* Check Pods Manifest.lock */ = {
			isa = PBXShellScriptBuildPhase;
			buildActionMask = 2147483647;
			files = (
			);
			inputPaths = (
			);
			name = "Check Pods Manifest.lock";
			outputPaths = (
			);
			runOnlyForDeploymentPostprocessing = 0;
			shellPath = /bin/sh;
			shellScript = "diff \"${PODS_ROOT}/../Podfile.lock\" \"${PODS_ROOT}/Manifest.lock\" > /dev/null\nif [[ $? != 0 ]] ; then\n    cat << EOM\nerror: The sandbox is not in sync with the Podfile.lock. Run 'pod install' or update your CocoaPods installation.\nEOM\n    exit 1\nfi\n";
			showEnvVarsInLog = 0;
		};
		D6FDA662897A4B039E1928E4 /* Copy Pods Resources */ = {
			isa = PBXShellScriptBuildPhase;
			buildActionMask = 2147483647;
			files = (
			);
			inputPaths = (
			);
			name = "Copy Pods Resources";
			outputPaths = (
			);
			runOnlyForDeploymentPostprocessing = 0;
			shellPath = /bin/sh;
			shellScript = "\"${SRCROOT}/../Pods/Target Support Files/Pods-BaijiCore/Pods-BaijiCore-resources.sh\"\n";
			showEnvVarsInLog = 0;
		};
		DF00C8D0E6BD4F409E16877F /* Copy Pods Resources */ = {
			isa = PBXShellScriptBuildPhase;
			buildActionMask = 2147483647;
			files = (
			);
			inputPaths = (
			);
			name = "Copy Pods Resources";
			outputPaths = (
			);
			runOnlyForDeploymentPostprocessing = 0;
			shellPath = /bin/sh;
			shellScript = "\"${SRCROOT}/../Pods/Target Support Files/Pods-BaijiTest/Pods-BaijiTest-resources.sh\"\n";
			showEnvVarsInLog = 0;
		};
/* End PBXShellScriptBuildPhase section */

/* Begin PBXSourcesBuildPhase section */
		CE52854719C84DE900B427B5 /* Sources */ = {
			isa = PBXSourcesBuildPhase;
			buildActionMask = 2147483647;
			files = (
				CE52855E19C84DE900B427B5 /* main.m in Sources */,
				CE52856219C84DE900B427B5 /* BJAppDelegate.m in Sources */,
				CE52856B19C84DE900B427B5 /* BaijiCore.xcdatamodeld in Sources */,
				CE449A0E19C91FE100F0D92D /* BJJsonSerializer.m in Sources */,
				CE449A1D19C9286000F0D92D /* BJSchema.m in Sources */,
				CE7159F019C9471F0057DBBB /* BJPropertyMap.m in Sources */,
				CE7159F319C952060057DBBB /* BJError.m in Sources */,
				CE7159F619C95ED60057DBBB /* BJSchemaName.m in Sources */,
				CE7159F919C96BC40057DBBB /* BJSchemaNames.m in Sources */,
				CE7159FC19C96C590057DBBB /* BJNamedSchema.m in Sources */,
				CE48F76F19C97E5D0093B09B /* BJJsonHelper.m in Sources */,
				CE48F77219C9A08B0093B09B /* BJEnumSchema.m in Sources */,
				CE0F0FA119CA820000C0C11E /* BJPrimitiveSchema.m in Sources */,
				CE0F0FA519CA82B500C0C11E /* BJUnnamedSchema.m in Sources */,
				CE0F0FB719CAA52F00C0C11E /* BJRecordSchema.m in Sources */,
				CEC7AA9B19CAC48C000F89A7 /* BJField.m in Sources */,
				CEBFFF5B19CBEE7000705622 /* BJUnionSchema.m in Sources */,
				CEBFFF5E19CC305700705622 /* BJArraySchema.m in Sources */,
				CEEF41E419CFB98100EEDB5D /* BJMapSchema.m in Sources */,
				CE15C33019D2DCF900754015 /* BJSpecificJsonWriter.m in Sources */,
				CEFBC2CA19D3B0D80034E202 /* BJMutableSpecificRecord.m in Sources */,
				CEFBC2E919D3C9B50034E202 /* BJSpecificEnum.m in Sources */,
				CEFBC2EC19D3DFFF0034E202 /* BJSpecificJsonParser.m in Sources */,
				CEFBC35019D50A4B0034E202 /* NSData+Base64.m in Sources */,
				3BE218DB19E7DE1800FABD15 /* JSONKit.m in Sources */,
			);
			runOnlyForDeploymentPostprocessing = 0;
		};
		CEEF41F519D0011900EEDB5D /* Sources */ = {
			isa = PBXSourcesBuildPhase;
			buildActionMask = 2147483647;
			files = (
				CEFBC35119D50ABC0034E202 /* NSData+Base64.h in Sources */,
				CEFBC35219D50ABC0034E202 /* NSData+Base64.m in Sources */,
				CEFBC30D19D41A650034E202 /* BJJsonSerializer.h in Sources */,
				CEFBC30E19D41A650034E202 /* BJJsonSerializer.m in Sources */,
				CEFBC30F19D41A650034E202 /* BJSerializable.h in Sources */,
				CEFBC2FF19D406270034E202 /* BJMutableRecord.h in Sources */,
				CEFBC30019D406270034E202 /* BJMutableSpecificRecord.h in Sources */,
				CEFBC30119D406270034E202 /* BJMutableSpecificRecord.m in Sources */,
				CEFBC30219D406270034E202 /* BJSpecificEnum.h in Sources */,
				CEFBC30319D406270034E202 /* BJSpecificEnum.m in Sources */,
				CEFBC30419D406270034E202 /* BJSpecificJsonParser.h in Sources */,
				CEFBC30519D406270034E202 /* BJSpecificJsonParser.m in Sources */,
				CEFBC30619D406270034E202 /* BJSpecificJsonWriter.h in Sources */,
				CEFBC30719D406270034E202 /* BJSpecificJsonWriter.m in Sources */,
				CEEF429219D0158800EEDB5D /* BJArraySchema.h in Sources */,
				CEEF429319D0158800EEDB5D /* BJArraySchema.m in Sources */,
				CEEF429419D0158800EEDB5D /* BJEnumSchema.h in Sources */,
				CEEF429519D0158800EEDB5D /* BJEnumSchema.m in Sources */,
				CEEF429619D0158800EEDB5D /* BJField.h in Sources */,
				CEEF429719D0158800EEDB5D /* BJField.m in Sources */,
				CEEF429819D0158800EEDB5D /* BJJsonHelper.h in Sources */,
				CEEF429919D0158800EEDB5D /* BJJsonHelper.m in Sources */,
				CEEF429A19D0158800EEDB5D /* BJNamedSchema.h in Sources */,
				CEEF429B19D0158800EEDB5D /* BJNamedSchema.m in Sources */,
				CEEF429C19D0158800EEDB5D /* BJPropertyMap.h in Sources */,
				CEEF429D19D0158800EEDB5D /* BJPropertyMap.m in Sources */,
				CEEF429E19D0158800EEDB5D /* BJRecordSchema.h in Sources */,
				CEEF429F19D0158800EEDB5D /* BJRecordSchema.m in Sources */,
				CEEF42A019D0158800EEDB5D /* BJSchemaName.h in Sources */,
				3BE218DC19E7DE1800FABD15 /* JSONKit.m in Sources */,
				CEEF42A119D0158800EEDB5D /* BJSchemaName.m in Sources */,
				CEEF42A219D0158800EEDB5D /* BJSchemaNames.h in Sources */,
				CEEF42A319D0158800EEDB5D /* BJSchemaNames.m in Sources */,
				CEEF42A419D0158800EEDB5D /* BJUnionSchema.h in Sources */,
				CEEF42A519D0158800EEDB5D /* BJUnionSchema.m in Sources */,
				CEEF42A619D0158800EEDB5D /* BJUnnamedSchema.h in Sources */,
				CEEF42A719D0158800EEDB5D /* BJUnnamedSchema.m in Sources */,
				CEEF42A819D0158800EEDB5D /* BJMapSchema.h in Sources */,
				CEEF42A919D0158800EEDB5D /* BJMapSchema.m in Sources */,
				CEEF429019D0157400EEDB5D /* BJError.h in Sources */,
				CEEF429119D0157400EEDB5D /* BJError.m in Sources */,
				CEEF428C19D0156000EEDB5D /* BJPrimitiveSchema.h in Sources */,
				CEEF428D19D0156000EEDB5D /* BJPrimitiveSchema.m in Sources */,
				CEEF428E19D0156000EEDB5D /* BJSchema.h in Sources */,
				CEEF428F19D0156000EEDB5D /* BJSchema.m in Sources */,
				CEEF420619D0011900EEDB5D /* main.m in Sources */,
				CEEF421319D0011900EEDB5D /* BaijiTest.xcdatamodeld in Sources */,
				CEEF422419D0047300EEDB5D /* BJSchemaTestPrimitive.m in Sources */,
				CEEF423F19D00BDF00EEDB5D /* BJSchemaTestBase.m in Sources */,
				CEEF42B819D019B100EEDB5D /* BJSchemaTestEnum.m in Sources */,
				CEEF42BE19D126F300EEDB5D /* BJSchemaTestUnion.m in Sources */,
				CEEF42C119D128F600EEDB5D /* BJSchemaTestArray.m in Sources */,
				CEEF42C419D12A4400EEDB5D /* BJSchemaTestMap.m in Sources */,
				CEEF42C719D12B3600EEDB5D /* BJSchemaTestRecord.m in Sources */,
				CEEF42DE19D1527200EEDB5D /* BJSchemaTestBasic.m in Sources */,
				CEFBC2F319D3F7DD0034E202 /* BJEnum1ValuesSpecific.m in Sources */,
				CEFBC2F619D3FA7F0034E202 /* BJTestSerializerSample.m in Sources */,
				CEFBC30C19D413990034E202 /* BJUnitTestSerializer.m in Sources */,
			);
			runOnlyForDeploymentPostprocessing = 0;
		};
/* End PBXSourcesBuildPhase section */

/* Begin PBXTargetDependency section */
		CEEF425F19D012F700EEDB5D /* PBXTargetDependency */ = {
			isa = PBXTargetDependency;
			target = CE52854A19C84DE900B427B5 /* BaijiCore */;
			targetProxy = CEEF425E19D012F700EEDB5D /* PBXContainerItemProxy */;
		};
/* End PBXTargetDependency section */

/* Begin PBXVariantGroup section */
		CE52855A19C84DE900B427B5 /* InfoPlist.strings */ = {
			isa = PBXVariantGroup;
			children = (
				CE52855B19C84DE900B427B5 /* en */,
			);
			name = InfoPlist.strings;
			sourceTree = "<group>";
		};
		CEEF420219D0011900EEDB5D /* InfoPlist.strings */ = {
			isa = PBXVariantGroup;
			children = (
				CEEF420319D0011900EEDB5D /* en */,
			);
			name = InfoPlist.strings;
			sourceTree = "<group>";
		};
/* End PBXVariantGroup section */

/* Begin XCBuildConfiguration section */
		CE52856C19C84DE900B427B5 /* Debug */ = {
			isa = XCBuildConfiguration;
			buildSettings = {
				ALWAYS_SEARCH_USER_PATHS = NO;
				CLANG_CXX_LANGUAGE_STANDARD = "gnu++0x";
				CLANG_CXX_LIBRARY = "libc++";
				CLANG_WARN_EMPTY_BODY = YES;
				CLANG_WARN__DUPLICATE_METHOD_MATCH = YES;
				"CODE_SIGN_IDENTITY[sdk=iphoneos*]" = "iPhone Developer";
				COPY_PHASE_STRIP = NO;
				GCC_C_LANGUAGE_STANDARD = gnu99;
				GCC_DYNAMIC_NO_PIC = NO;
				GCC_OPTIMIZATION_LEVEL = 0;
				GCC_PREPROCESSOR_DEFINITIONS = (
					"DEBUG=1",
					"$(inherited)",
				);
				GCC_SYMBOLS_PRIVATE_EXTERN = NO;
				GCC_WARN_ABOUT_RETURN_TYPE = YES;
				GCC_WARN_UNINITIALIZED_AUTOS = YES;
				GCC_WARN_UNUSED_VARIABLE = YES;
				IPHONEOS_DEPLOYMENT_TARGET = 6.0;
				ONLY_ACTIVE_ARCH = YES;
				SDKROOT = iphoneos;
			};
			name = Debug;
		};
		CE52856D19C84DE900B427B5 /* Release */ = {
			isa = XCBuildConfiguration;
			buildSettings = {
				ALWAYS_SEARCH_USER_PATHS = NO;
				CLANG_CXX_LANGUAGE_STANDARD = "gnu++0x";
				CLANG_CXX_LIBRARY = "libc++";
				CLANG_WARN_EMPTY_BODY = YES;
				CLANG_WARN__DUPLICATE_METHOD_MATCH = YES;
				"CODE_SIGN_IDENTITY[sdk=iphoneos*]" = "iPhone Developer";
				COPY_PHASE_STRIP = YES;
				GCC_C_LANGUAGE_STANDARD = gnu99;
				GCC_WARN_ABOUT_RETURN_TYPE = YES;
				GCC_WARN_UNINITIALIZED_AUTOS = YES;
				GCC_WARN_UNUSED_VARIABLE = YES;
				IPHONEOS_DEPLOYMENT_TARGET = 6.0;
				OTHER_CFLAGS = "-DNS_BLOCK_ASSERTIONS=1";
				SDKROOT = iphoneos;
				VALIDATE_PRODUCT = YES;
			};
			name = Release;
		};
		CE52856F19C84DE900B427B5 /* Debug */ = {
			isa = XCBuildConfiguration;
			baseConfigurationReference = 98F231124498FE922C52957D /* Pods-BaijiCore.debug.xcconfig */;
			buildSettings = {
				GCC_PRECOMPILE_PREFIX_HEADER = YES;
				GCC_PREFIX_HEADER = "BaijiCore/BaijiCore-Prefix.pch";
				INFOPLIST_FILE = "BaijiCore/BaijiCore-Info.plist";
				PRODUCT_NAME = "$(TARGET_NAME)";
				WRAPPER_EXTENSION = app;
			};
			name = Debug;
		};
		CE52857019C84DE900B427B5 /* Release */ = {
			isa = XCBuildConfiguration;
			baseConfigurationReference = 4DE4BFB7696BFF938A0C2523 /* Pods-BaijiCore.release.xcconfig */;
			buildSettings = {
				GCC_PRECOMPILE_PREFIX_HEADER = YES;
				GCC_PREFIX_HEADER = "BaijiCore/BaijiCore-Prefix.pch";
				INFOPLIST_FILE = "BaijiCore/BaijiCore-Info.plist";
				PRODUCT_NAME = "$(TARGET_NAME)";
				WRAPPER_EXTENSION = app;
			};
			name = Release;
		};
		CEEF421419D0011900EEDB5D /* Debug */ = {
			isa = XCBuildConfiguration;
			baseConfigurationReference = 89BDDC28A3F7E75F3876702D /* Pods-BaijiTest.debug.xcconfig */;
			buildSettings = {
				"CODE_SIGN_IDENTITY[sdk=iphoneos*]" = "iPhone Developer";
				GCC_PRECOMPILE_PREFIX_HEADER = YES;
				GCC_PREFIX_HEADER = "BaijiTest/BaijiTest-Prefix.pch";
				INFOPLIST_FILE = "BaijiTest/BaijiTest-Info.plist";
				PRODUCT_NAME = "$(TARGET_NAME)";
				WRAPPER_EXTENSION = app;
			};
			name = Debug;
		};
		CEEF421519D0011900EEDB5D /* Release */ = {
			isa = XCBuildConfiguration;
			baseConfigurationReference = 06C322F45ED0357DEF4FAA72 /* Pods-BaijiTest.release.xcconfig */;
			buildSettings = {
				"CODE_SIGN_IDENTITY[sdk=iphoneos*]" = "iPhone Developer";
				GCC_PRECOMPILE_PREFIX_HEADER = YES;
				GCC_PREFIX_HEADER = "BaijiTest/BaijiTest-Prefix.pch";
				INFOPLIST_FILE = "BaijiTest/BaijiTest-Info.plist";
				PRODUCT_NAME = "$(TARGET_NAME)";
				WRAPPER_EXTENSION = app;
			};
			name = Release;
		};
/* End XCBuildConfiguration section */

/* Begin XCConfigurationList section */
		CE52854519C84DE900B427B5 /* Build configuration list for PBXProject "BaijiCore" */ = {
			isa = XCConfigurationList;
			buildConfigurations = (
				CE52856C19C84DE900B427B5 /* Debug */,
				CE52856D19C84DE900B427B5 /* Release */,
			);
			defaultConfigurationIsVisible = 0;
			defaultConfigurationName = Release;
		};
		CE52856E19C84DE900B427B5 /* Build configuration list for PBXNativeTarget "BaijiCore" */ = {
			isa = XCConfigurationList;
			buildConfigurations = (
				CE52856F19C84DE900B427B5 /* Debug */,
				CE52857019C84DE900B427B5 /* Release */,
			);
			defaultConfigurationIsVisible = 0;
			defaultConfigurationName = Release;
		};
		CEEF421619D0011900EEDB5D /* Build configuration list for PBXNativeTarget "BaijiTest" */ = {
			isa = XCConfigurationList;
			buildConfigurations = (
				CEEF421419D0011900EEDB5D /* Debug */,
				CEEF421519D0011900EEDB5D /* Release */,
			);
			defaultConfigurationIsVisible = 0;
			defaultConfigurationName = Release;
		};
/* End XCConfigurationList section */

/* Begin XCVersionGroup section */
		CE52856919C84DE900B427B5 /* BaijiCore.xcdatamodeld */ = {
			isa = XCVersionGroup;
			children = (
				CE52856A19C84DE900B427B5 /* BaijiCore.xcdatamodel */,
			);
			currentVersion = CE52856A19C84DE900B427B5 /* BaijiCore.xcdatamodel */;
			path = BaijiCore.xcdatamodeld;
			sourceTree = "<group>";
			versionGroupType = wrapper.xcdatamodel;
		};
		CEEF421119D0011900EEDB5D /* BaijiTest.xcdatamodeld */ = {
			isa = XCVersionGroup;
			children = (
				CEEF421219D0011900EEDB5D /* BaijiTest.xcdatamodel */,
			);
			currentVersion = CEEF421219D0011900EEDB5D /* BaijiTest.xcdatamodel */;
			path = BaijiTest.xcdatamodeld;
			sourceTree = "<group>";
			versionGroupType = wrapper.xcdatamodel;
		};
/* End XCVersionGroup section */
	};
	rootObject = CE52854219C84DE900B427B5 /* Project object */;
}
